// !$*UTF8*$!
{
	archiveVersion = 1;
	classes = {
	};
	objectVersion = 55;
	objects = {

/* Begin PBXBuildFile section */
		881BB1002AC2D571003B5276 /* FirstApp.swift in Sources */ = {isa = PBXBuildFile; fileRef = 881BB0FF2AC2D571003B5276 /* FirstApp.swift */; };
		881BB1022AC2D571003B5276 /* ContentView.swift in Sources */ = {isa = PBXBuildFile; fileRef = 881BB1012AC2D571003B5276 /* ContentView.swift */; };
		881BB1042AC2D57F003B5276 /* Assets.xcassets in Resources */ = {isa = PBXBuildFile; fileRef = 881BB1032AC2D57F003B5276 /* Assets.xcassets */; };
		881BB1072AC2D57F003B5276 /* Preview Assets.xcassets in Resources */ = {isa = PBXBuildFile; fileRef = 881BB1062AC2D57F003B5276 /* Preview Assets.xcassets */; };
		881BB1112AC2D582003B5276 /* FirstTests.swift in Sources */ = {isa = PBXBuildFile; fileRef = 881BB1102AC2D582003B5276 /* FirstTests.swift */; };
		881BB11B2AC2D582003B5276 /* FirstUITests.swift in Sources */ = {isa = PBXBuildFile; fileRef = 881BB11A2AC2D582003B5276 /* FirstUITests.swift */; };
		881BB11D2AC2D582003B5276 /* FirstUITestsLaunchTests.swift in Sources */ = {isa = PBXBuildFile; fileRef = 881BB11C2AC2D582003B5276 /* FirstUITestsLaunchTests.swift */; };
		881BB12C2AC2DCDC003B5276 /* ButtonTestView.swift in Sources */ = {isa = PBXBuildFile; fileRef = 881BB12B2AC2DCDC003B5276 /* ButtonTestView.swift */; };
/* End PBXBuildFile section */

/* Begin PBXContainerItemProxy section */
		881BB10D2AC2D582003B5276 /* PBXContainerItemProxy */ = {
			isa = PBXContainerItemProxy;
			containerPortal = 881BB0F42AC2D571003B5276 /* Project object */;
			proxyType = 1;
			remoteGlobalIDString = 881BB0FB2AC2D571003B5276;
			remoteInfo = First;
		};
		881BB1172AC2D582003B5276 /* PBXContainerItemProxy */ = {
			isa = PBXContainerItemProxy;
			containerPortal = 881BB0F42AC2D571003B5276 /* Project object */;
			proxyType = 1;
			remoteGlobalIDString = 881BB0FB2AC2D571003B5276;
			remoteInfo = First;
		};
/* End PBXContainerItemProxy section */

/* Begin PBXFileReference section */
		881BB0FC2AC2D571003B5276 /* First.app */ = {isa = PBXFileReference; explicitFileType = wrapper.application; includeInIndex = 0; path = First.app; sourceTree = BUILT_PRODUCTS_DIR; };
		881BB0FF2AC2D571003B5276 /* FirstApp.swift */ = {isa = PBXFileReference; lastKnownFileType = sourcecode.swift; path = FirstApp.swift; sourceTree = "<group>"; };
		881BB1012AC2D571003B5276 /* ContentView.swift */ = {isa = PBXFileReference; lastKnownFileType = sourcecode.swift; path = ContentView.swift; sourceTree = "<group>"; };
		881BB1032AC2D57F003B5276 /* Assets.xcassets */ = {isa = PBXFileReference; lastKnownFileType = folder.assetcatalog; path = Assets.xcassets; sourceTree = "<group>"; };
		881BB1062AC2D57F003B5276 /* Preview Assets.xcassets */ = {isa = PBXFileReference; lastKnownFileType = folder.assetcatalog; path = "Preview Assets.xcassets"; sourceTree = "<group>"; };
		881BB10C2AC2D582003B5276 /* FirstTests.xctest */ = {isa = PBXFileReference; explicitFileType = wrapper.cfbundle; includeInIndex = 0; path = FirstTests.xctest; sourceTree = BUILT_PRODUCTS_DIR; };
		881BB1102AC2D582003B5276 /* FirstTests.swift */ = {isa = PBXFileReference; lastKnownFileType = sourcecode.swift; path = FirstTests.swift; sourceTree = "<group>"; };
		881BB1162AC2D582003B5276 /* FirstUITests.xctest */ = {isa = PBXFileReference; explicitFileType = wrapper.cfbundle; includeInIndex = 0; path = FirstUITests.xctest; sourceTree = BUILT_PRODUCTS_DIR; };
		881BB11A2AC2D582003B5276 /* FirstUITests.swift */ = {isa = PBXFileReference; lastKnownFileType = sourcecode.swift; path = FirstUITests.swift; sourceTree = "<group>"; };
		881BB11C2AC2D582003B5276 /* FirstUITestsLaunchTests.swift */ = {isa = PBXFileReference; lastKnownFileType = sourcecode.swift; path = FirstUITestsLaunchTests.swift; sourceTree = "<group>"; };
		881BB12B2AC2DCDC003B5276 /* ButtonTestView.swift */ = {isa = PBXFileReference; lastKnownFileType = sourcecode.swift; path = ButtonTestView.swift; sourceTree = "<group>"; };
/* End PBXFileReference section */

/* Begin PBXFrameworksBuildPhase section */
		881BB0F92AC2D571003B5276 /* Frameworks */ = {
			isa = PBXFrameworksBuildPhase;
			buildActionMask = 2147483647;
			files = (
			);
			runOnlyForDeploymentPostprocessing = 0;
		};
		881BB1092AC2D582003B5276 /* Frameworks */ = {
			isa = PBXFrameworksBuildPhase;
			buildActionMask = 2147483647;
			files = (
			);
			runOnlyForDeploymentPostprocessing = 0;
		};
		881BB1132AC2D582003B5276 /* Frameworks */ = {
			isa = PBXFrameworksBuildPhase;
			buildActionMask = 2147483647;
			files = (
			);
			runOnlyForDeploymentPostprocessing = 0;
		};
/* End PBXFrameworksBuildPhase section */

/* Begin PBXGroup section */
		881BB0F32AC2D571003B5276 = {
			isa = PBXGroup;
			children = (
				881BB0FE2AC2D571003B5276 /* First */,
				881BB10F2AC2D582003B5276 /* FirstTests */,
				881BB1192AC2D582003B5276 /* FirstUITests */,
				881BB0FD2AC2D571003B5276 /* Products */,
			);
			sourceTree = "<group>";
		};
		881BB0FD2AC2D571003B5276 /* Products */ = {
			isa = PBXGroup;
			children = (
				881BB0FC2AC2D571003B5276 /* First.app */,
				881BB10C2AC2D582003B5276 /* FirstTests.xctest */,
				881BB1162AC2D582003B5276 /* FirstUITests.xctest */,
			);
			name = Products;
			sourceTree = "<group>";
		};
		881BB0FE2AC2D571003B5276 /* First */ = {
			isa = PBXGroup;
			children = (
				881BB12D2AC2E1DF003B5276 /* New Group */,
				881BB0FF2AC2D571003B5276 /* FirstApp.swift */,
				881BB1012AC2D571003B5276 /* ContentView.swift */,
				881BB12B2AC2DCDC003B5276 /* ButtonTestView.swift */,
				881BB1032AC2D57F003B5276 /* Assets.xcassets */,
				881BB1052AC2D57F003B5276 /* Preview Content */,
			);
			path = First;
			sourceTree = "<group>";
		};
		881BB1052AC2D57F003B5276 /* Preview Content */ = {
			isa = PBXGroup;
			children = (
				881BB1062AC2D57F003B5276 /* Preview Assets.xcassets */,
			);
			path = "Preview Content";
			sourceTree = "<group>";
		};
		881BB10F2AC2D582003B5276 /* FirstTests */ = {
			isa = PBXGroup;
			children = (
				881BB1102AC2D582003B5276 /* FirstTests.swift */,
			);
			path = FirstTests;
			sourceTree = "<group>";
		};
		881BB1192AC2D582003B5276 /* FirstUITests */ = {
			isa = PBXGroup;
			children = (
				881BB11A2AC2D582003B5276 /* FirstUITests.swift */,
				881BB11C2AC2D582003B5276 /* FirstUITestsLaunchTests.swift */,
			);
			path = FirstUITests;
			sourceTree = "<group>";
		};
		881BB12D2AC2E1DF003B5276 /* New Group */ = {
			isa = PBXGroup;
			children = (
			);
			path = "New Group";
			sourceTree = "<group>";
		};
/* End PBXGroup section */

/* Begin PBXNativeTarget section */
		881BB0FB2AC2D571003B5276 /* First */ = {
			isa = PBXNativeTarget;
			buildConfigurationList = 881BB1202AC2D582003B5276 /* Build configuration list for PBXNativeTarget "First" */;
			buildPhases = (
				881BB0F82AC2D571003B5276 /* Sources */,
				881BB0F92AC2D571003B5276 /* Frameworks */,
				881BB0FA2AC2D571003B5276 /* Resources */,
			);
			buildRules = (
			);
			dependencies = (
			);
			name = First;
			productName = First;
			productReference = 881BB0FC2AC2D571003B5276 /* First.app */;
			productType = "com.apple.product-type.application";
		};
		881BB10B2AC2D582003B5276 /* FirstTests */ = {
			isa = PBXNativeTarget;
			buildConfigurationList = 881BB1232AC2D582003B5276 /* Build configuration list for PBXNativeTarget "FirstTests" */;
			buildPhases = (
				881BB1082AC2D582003B5276 /* Sources */,
				881BB1092AC2D582003B5276 /* Frameworks */,
				881BB10A2AC2D582003B5276 /* Resources */,
			);
			buildRules = (
			);
			dependencies = (
				881BB10E2AC2D582003B5276 /* PBXTargetDependency */,
			);
			name = FirstTests;
			productName = FirstTests;
			productReference = 881BB10C2AC2D582003B5276 /* FirstTests.xctest */;
			productType = "com.apple.product-type.bundle.unit-test";
		};
		881BB1152AC2D582003B5276 /* FirstUITests */ = {
			isa = PBXNativeTarget;
			buildConfigurationList = 881BB1262AC2D582003B5276 /* Build configuration list for PBXNativeTarget "FirstUITests" */;
			buildPhases = (
				881BB1122AC2D582003B5276 /* Sources */,
				881BB1132AC2D582003B5276 /* Frameworks */,
				881BB1142AC2D582003B5276 /* Resources */,
			);
			buildRules = (
			);
			dependencies = (
				881BB1182AC2D582003B5276 /* PBXTargetDependency */,
			);
			name = FirstUITests;
			productName = FirstUITests;
			productReference = 881BB1162AC2D582003B5276 /* FirstUITests.xctest */;
			productType = "com.apple.product-type.bundle.ui-testing";
		};
/* End PBXNativeTarget section */

/* Begin PBXProject section */
		881BB0F42AC2D571003B5276 /* Project object */ = {
			isa = PBXProject;
			attributes = {
				BuildIndependentTargetsInParallel = 1;
				LastSwiftUpdateCheck = 1340;
				LastUpgradeCheck = 1340;
				TargetAttributes = {
					881BB0FB2AC2D571003B5276 = {
						CreatedOnToolsVersion = 13.4;
					};
					881BB10B2AC2D582003B5276 = {
						CreatedOnToolsVersion = 13.4;
						TestTargetID = 881BB0FB2AC2D571003B5276;
					};
					881BB1152AC2D582003B5276 = {
						CreatedOnToolsVersion = 13.4;
						TestTargetID = 881BB0FB2AC2D571003B5276;
					};
				};
			};
			buildConfigurationList = 881BB0F72AC2D571003B5276 /* Build configuration list for PBXProject "First" */;
			compatibilityVersion = "Xcode 13.0";
			developmentRegion = en;
			hasScannedForEncodings = 0;
			knownRegions = (
				en,
				Base,
			);
			mainGroup = 881BB0F32AC2D571003B5276;
			productRefGroup = 881BB0FD2AC2D571003B5276 /* Products */;
			projectDirPath = "";
			projectRoot = "";
			targets = (
				881BB0FB2AC2D571003B5276 /* First */,
				881BB10B2AC2D582003B5276 /* FirstTests */,
				881BB1152AC2D582003B5276 /* FirstUITests */,
			);
		};
/* End PBXProject section */

/* Begin PBXResourcesBuildPhase section */
		881BB0FA2AC2D571003B5276 /* Resources */ = {
			isa = PBXResourcesBuildPhase;
			buildActionMask = 2147483647;
			files = (
				881BB1072AC2D57F003B5276 /* Preview Assets.xcassets in Resources */,
				881BB1042AC2D57F003B5276 /* Assets.xcassets in Resources */,
			);
			runOnlyForDeploymentPostprocessing = 0;
		};
		881BB10A2AC2D582003B5276 /* Resources */ = {
			isa = PBXResourcesBuildPhase;
			buildActionMask = 2147483647;
			files = (
			);
			runOnlyForDeploymentPostprocessing = 0;
		};
		881BB1142AC2D582003B5276 /* Resources */ = {
			isa = PBXResourcesBuildPhase;
			buildActionMask = 2147483647;
			files = (
			);
			runOnlyForDeploymentPostprocessing = 0;
		};
/* End PBXResourcesBuildPhase section */

/* Begin PBXSourcesBuildPhase section */
		881BB0F82AC2D571003B5276 /* Sources */ = {
			isa = PBXSourcesBuildPhase;
			buildActionMask = 2147483647;
			files = (
				881BB1022AC2D571003B5276 /* ContentView.swift in Sources */,
				881BB12C2AC2DCDC003B5276 /* ButtonTestView.swift in Sources */,
				881BB1002AC2D571003B5276 /* FirstApp.swift in Sources */,
			);
			runOnlyForDeploymentPostprocessing = 0;
		};
		881BB1082AC2D582003B5276 /* Sources */ = {
			isa = PBXSourcesBuildPhase;
			buildActionMask = 2147483647;
			files = (
				881BB1112AC2D582003B5276 /* FirstTests.swift in Sources */,
			);
			runOnlyForDeploymentPostprocessing = 0;
		};
		881BB1122AC2D582003B5276 /* Sources */ = {
			isa = PBXSourcesBuildPhase;
			buildActionMask = 2147483647;
			files = (
				881BB11B2AC2D582003B5276 /* FirstUITests.swift in Sources */,
				881BB11D2AC2D582003B5276 /* FirstUITestsLaunchTests.swift in Sources */,
			);
			runOnlyForDeploymentPostprocessing = 0;
		};
/* End PBXSourcesBuildPhase section */

/* Begin PBXTargetDependency section */
		881BB10E2AC2D582003B5276 /* PBXTargetDependency */ = {
			isa = PBXTargetDependency;
			target = 881BB0FB2AC2D571003B5276 /* First */;
			targetProxy = 881BB10D2AC2D582003B5276 /* PBXContainerItemProxy */;
		};
		881BB1182AC2D582003B5276 /* PBXTargetDependency */ = {
			isa = PBXTargetDependency;
			target = 881BB0FB2AC2D571003B5276 /* First */;
			targetProxy = 881BB1172AC2D582003B5276 /* PBXContainerItemProxy */;
		};
/* End PBXTargetDependency section */

/* Begin XCBuildConfiguration section */
		881BB11E2AC2D582003B5276 /* Debug */ = {
			isa = XCBuildConfiguration;
			buildSettings = {
				ALWAYS_SEARCH_USER_PATHS = NO;
				CLANG_ANALYZER_NONNULL = YES;
				CLANG_ANALYZER_NUMBER_OBJECT_CONVERSION = YES_AGGRESSIVE;
				CLANG_CXX_LANGUAGE_STANDARD = "gnu++17";
				CLANG_ENABLE_MODULES = YES;
				CLANG_ENABLE_OBJC_ARC = YES;
				CLANG_ENABLE_OBJC_WEAK = YES;
				CLANG_WARN_BLOCK_CAPTURE_AUTORELEASING = YES;
				CLANG_WARN_BOOL_CONVERSION = YES;
				CLANG_WARN_COMMA = YES;
				CLANG_WARN_CONSTANT_CONVERSION = YES;
				CLANG_WARN_DEPRECATED_OBJC_IMPLEMENTATIONS = YES;
				CLANG_WARN_DIRECT_OBJC_ISA_USAGE = YES_ERROR;
				CLANG_WARN_DOCUMENTATION_COMMENTS = YES;
				CLANG_WARN_EMPTY_BODY = YES;
				CLANG_WARN_ENUM_CONVERSION = YES;
				CLANG_WARN_INFINITE_RECURSION = YES;
				CLANG_WARN_INT_CONVERSION = YES;
				CLANG_WARN_NON_LITERAL_NULL_CONVERSION = YES;
				CLANG_WARN_OBJC_IMPLICIT_RETAIN_SELF = YES;
				CLANG_WARN_OBJC_LITERAL_CONVERSION = YES;
				CLANG_WARN_OBJC_ROOT_CLASS = YES_ERROR;
				CLANG_WARN_QUOTED_INCLUDE_IN_FRAMEWORK_HEADER = YES;
				CLANG_WARN_RANGE_LOOP_ANALYSIS = YES;
				CLANG_WARN_STRICT_PROTOTYPES = YES;
				CLANG_WARN_SUSPICIOUS_MOVE = YES;
				CLANG_WARN_UNGUARDED_AVAILABILITY = YES_AGGRESSIVE;
				CLANG_WARN_UNREACHABLE_CODE = YES;
				CLANG_WARN__DUPLICATE_METHOD_MATCH = YES;
				COPY_PHASE_STRIP = NO;
				DEBUG_INFORMATION_FORMAT = dwarf;
				ENABLE_STRICT_OBJC_MSGSEND = YES;
				ENABLE_TESTABILITY = YES;
				GCC_C_LANGUAGE_STANDARD = gnu11;
				GCC_DYNAMIC_NO_PIC = NO;
				GCC_NO_COMMON_BLOCKS = YES;
				GCC_OPTIMIZATION_LEVEL = 0;
				GCC_PREPROCESSOR_DEFINITIONS = (
					"DEBUG=1",
					"$(inherited)",
				);
				GCC_WARN_64_TO_32_BIT_CONVERSION = YES;
				GCC_WARN_ABOUT_RETURN_TYPE = YES_ERROR;
				GCC_WARN_UNDECLARED_SELECTOR = YES;
				GCC_WARN_UNINITIALIZED_AUTOS = YES_AGGRESSIVE;
				GCC_WARN_UNUSED_FUNCTION = YES;
				GCC_WARN_UNUSED_VARIABLE = YES;
				IPHONEOS_DEPLOYMENT_TARGET = 15.5;
				MTL_ENABLE_DEBUG_INFO = INCLUDE_SOURCE;
				MTL_FAST_MATH = YES;
				ONLY_ACTIVE_ARCH = YES;
				SDKROOT = iphoneos;
				SWIFT_ACTIVE_COMPILATION_CONDITIONS = DEBUG;
				SWIFT_OPTIMIZATION_LEVEL = "-Onone";
			};
			name = Debug;
		};
		881BB11F2AC2D582003B5276 /* Release */ = {
			isa = XCBuildConfiguration;
			buildSettings = {
				ALWAYS_SEARCH_USER_PATHS = NO;
				CLANG_ANALYZER_NONNULL = YES;
				CLANG_ANALYZER_NUMBER_OBJECT_CONVERSION = YES_AGGRESSIVE;
				CLANG_CXX_LANGUAGE_STANDARD = "gnu++17";
				CLANG_ENABLE_MODULES = YES;
				CLANG_ENABLE_OBJC_ARC = YES;
				CLANG_ENABLE_OBJC_WEAK = YES;
				CLANG_WARN_BLOCK_CAPTURE_AUTORELEASING = YES;
				CLANG_WARN_BOOL_CONVERSION = YES;
				CLANG_WARN_COMMA = YES;
				CLANG_WARN_CONSTANT_CONVERSION = YES;
				CLANG_WARN_DEPRECATED_OBJC_IMPLEMENTATIONS = YES;
				CLANG_WARN_DIRECT_OBJC_ISA_USAGE = YES_ERROR;
				CLANG_WARN_DOCUMENTATION_COMMENTS = YES;
				CLANG_WARN_EMPTY_BODY = YES;
				CLANG_WARN_ENUM_CONVERSION = YES;
				CLANG_WARN_INFINITE_RECURSION = YES;
				CLANG_WARN_INT_CONVERSION = YES;
				CLANG_WARN_NON_LITERAL_NULL_CONVERSION = YES;
				CLANG_WARN_OBJC_IMPLICIT_RETAIN_SELF = YES;
				CLANG_WARN_OBJC_LITERAL_CONVERSION = YES;
				CLANG_WARN_OBJC_ROOT_CLASS = YES_ERROR;
				CLANG_WARN_QUOTED_INCLUDE_IN_FRAMEWORK_HEADER = YES;
				CLANG_WARN_RANGE_LOOP_ANALYSIS = YES;
				CLANG_WARN_STRICT_PROTOTYPES = YES;
				CLANG_WARN_SUSPICIOUS_MOVE = YES;
				CLANG_WARN_UNGUARDED_AVAILABILITY = YES_AGGRESSIVE;
				CLANG_WARN_UNREACHABLE_CODE = YES;
				CLANG_WARN__DUPLICATE_METHOD_MATCH = YES;
				COPY_PHASE_STRIP = NO;
				DEBUG_INFORMATION_FORMAT = "dwarf-with-dsym";
				ENABLE_NS_ASSERTIONS = NO;
				ENABLE_STRICT_OBJC_MSGSEND = YES;
				GCC_C_LANGUAGE_STANDARD = gnu11;
				GCC_NO_COMMON_BLOCKS = YES;
				GCC_WARN_64_TO_32_BIT_CONVERSION = YES;
				GCC_WARN_ABOUT_RETURN_TYPE = YES_ERROR;
				GCC_WARN_UNDECLARED_SELECTOR = YES;
				GCC_WARN_UNINITIALIZED_AUTOS = YES_AGGRESSIVE;
				GCC_WARN_UNUSED_FUNCTION = YES;
				GCC_WARN_UNUSED_VARIABLE = YES;
				IPHONEOS_DEPLOYMENT_TARGET = 15.5;
				MTL_ENABLE_DEBUG_INFO = NO;
				MTL_FAST_MATH = YES;
				SDKROOT = iphoneos;
				SWIFT_COMPILATION_MODE = wholemodule;
				SWIFT_OPTIMIZATION_LEVEL = "-O";
				VALIDATE_PRODUCT = YES;
			};
			name = Release;
		};
		881BB1212AC2D582003B5276 /* Debug */ = {
			isa = XCBuildConfiguration;
			buildSettings = {
				ASSETCATALOG_COMPILER_APPICON_NAME = AppIcon;
				ASSETCATALOG_COMPILER_GLOBAL_ACCENT_COLOR_NAME = AccentColor;
				CODE_SIGN_STYLE = Automatic;
				CURRENT_PROJECT_VERSION = 1;
				DEVELOPMENT_ASSET_PATHS = "\"First/Preview Content\"";
				ENABLE_PREVIEWS = YES;
				GENERATE_INFOPLIST_FILE = YES;
				INFOPLIST_KEY_UIApplicationSceneManifest_Generation = YES;
				INFOPLIST_KEY_UIApplicationSupportsIndirectInputEvents = YES;
				INFOPLIST_KEY_UILaunchScreen_Generation = YES;
				INFOPLIST_KEY_UISupportedInterfaceOrientations_iPad = "UIInterfaceOrientationPortrait UIInterfaceOrientationPortraitUpsideDown UIInterfaceOrientationLandscapeLeft UIInterfaceOrientationLandscapeRight";
				INFOPLIST_KEY_UISupportedInterfaceOrientations_iPhone = "UIInterfaceOrientationPortrait UIInterfaceOrientationLandscapeLeft UIInterfaceOrientationLandscapeRight";
				LD_RUNPATH_SEARCH_PATHS = (
					"$(inherited)",
					"@executable_path/Frameworks",
				);
				MARKETING_VERSION = 1.0;
				PRODUCT_BUNDLE_IDENTIFIER = com.smtss.First;
				PRODUCT_NAME = "$(TARGET_NAME)";
				SWIFT_EMIT_LOC_STRINGS = YES;
				SWIFT_VERSION = 5.0;
				TARGETED_DEVICE_FAMILY = "1,2";
			};
			name = Debug;
		};
		881BB1222AC2D582003B5276 /* Release */ = {
			isa = XCBuildConfiguration;
			buildSettings = {
				ASSETCATALOG_COMPILER_APPICON_NAME = AppIcon;
				ASSETCATALOG_COMPILER_GLOBAL_ACCENT_COLOR_NAME = AccentColor;
				CODE_SIGN_STYLE = Automatic;
				CURRENT_PROJECT_VERSION = 1;
				DEVELOPMENT_ASSET_PATHS = "\"First/Preview Content\"";
				ENABLE_PREVIEWS = YES;
				GENERATE_INFOPLIST_FILE = YES;
				INFOPLIST_KEY_UIApplicationSceneManifest_Generation = YES;
				INFOPLIST_KEY_UIApplicationSupportsIndirectInputEvents = YES;
				INFOPLIST_KEY_UILaunchScreen_Generation = YES;
				INFOPLIST_KEY_UISupportedInterfaceOrientations_iPad = "UIInterfaceOrientationPortrait UIInterfaceOrientationPortraitUpsideDown UIInterfaceOrientationLandscapeLeft UIInterfaceOrientationLandscapeRight";
				INFOPLIST_KEY_UISupportedInterfaceOrientations_iPhone = "UIInterfaceOrientationPortrait UIInterfaceOrientationLandscapeLeft UIInterfaceOrientationLandscapeRight";
				LD_RUNPATH_SEARCH_PATHS = (
					"$(inherited)",
					"@executable_path/Frameworks",
				);
				MARKETING_VERSION = 1.0;
				PRODUCT_BUNDLE_IDENTIFIER = com.smtss.First;
				PRODUCT_NAME = "$(TARGET_NAME)";
				SWIFT_EMIT_LOC_STRINGS = YES;
				SWIFT_VERSION = 5.0;
				TARGETED_DEVICE_FAMILY = "1,2";
			};
			name = Release;
		};
		881BB1242AC2D582003B5276 /* Debug */ = {
			isa = XCBuildConfiguration;
			buildSettings = {
				ALWAYS_EMBED_SWIFT_STANDARD_LIBRARIES = YES;
				BUNDLE_LOADER = "$(TEST_HOST)";
				CODE_SIGN_STYLE = Automatic;
				CURRENT_PROJECT_VERSION = 1;
				GENERATE_INFOPLIST_FILE = YES;
				IPHONEOS_DEPLOYMENT_TARGET = 15.5;
				MARKETING_VERSION = 1.0;
				PRODUCT_BUNDLE_IDENTIFIER = com.smtss.FirstTests;
				PRODUCT_NAME = "$(TARGET_NAME)";
				SWIFT_EMIT_LOC_STRINGS = NO;
				SWIFT_VERSION = 5.0;
				TARGETED_DEVICE_FAMILY = "1,2";
				TEST_HOST = "$(BUILT_PRODUCTS_DIR)/First.app/First";
			};
			name = Debug;
		};
		881BB1252AC2D582003B5276 /* Release */ = {
			isa = XCBuildConfiguration;
			buildSettings = {
				ALWAYS_EMBED_SWIFT_STANDARD_LIBRARIES = YES;
				BUNDLE_LOADER = "$(TEST_HOST)";
				CODE_SIGN_STYLE = Automatic;
				CURRENT_PROJECT_VERSION = 1;
				GENERATE_INFOPLIST_FILE = YES;
				IPHONEOS_DEPLOYMENT_TARGET = 15.5;
				MARKETING_VERSION = 1.0;
				PRODUCT_BUNDLE_IDENTIFIER = com.smtss.FirstTests;
				PRODUCT_NAME = "$(TARGET_NAME)";
				SWIFT_EMIT_LOC_STRINGS = NO;
				SWIFT_VERSION = 5.0;
				TARGETED_DEVICE_FAMILY = "1,2";
				TEST_HOST = "$(BUILT_PRODUCTS_DIR)/First.app/First";
			};
			name = Release;
		};
		881BB1272AC2D582003B5276 /* Debug */ = {
			isa = XCBuildConfiguration;
			buildSettings = {
				ALWAYS_EMBED_SWIFT_STANDARD_LIBRARIES = YES;
				CODE_SIGN_STYLE = Automatic;
				CURRENT_PROJECT_VERSION = 1;
				GENERATE_INFOPLIST_FILE = YES;
				MARKETING_VERSION = 1.0;
				PRODUCT_BUNDLE_IDENTIFIER = com.smtss.FirstUITests;
				PRODUCT_NAME = "$(TARGET_NAME)";
				SWIFT_EMIT_LOC_STRINGS = NO;
				SWIFT_VERSION = 5.0;
				TARGETED_DEVICE_FAMILY = "1,2";
				TEST_TARGET_NAME = First;
			};
			name = Debug;
		};
		881BB1282AC2D582003B5276 /* Release */ = {
			isa = XCBuildConfiguration;
			buildSettings = {
				ALWAYS_EMBED_SWIFT_STANDARD_LIBRARIES = YES;
				CODE_SIGN_STYLE = Automatic;
				CURRENT_PROJECT_VERSION = 1;
				GENERATE_INFOPLIST_FILE = YES;
				MARKETING_VERSION = 1.0;
				PRODUCT_BUNDLE_IDENTIFIER = com.smtss.FirstUITests;
				PRODUCT_NAME = "$(TARGET_NAME)";
				SWIFT_EMIT_LOC_STRINGS = NO;
				SWIFT_VERSION = 5.0;
				TARGETED_DEVICE_FAMILY = "1,2";
				TEST_TARGET_NAME = First;
			};
			name = Release;
		};
/* End XCBuildConfiguration section */

/* Begin XCConfigurationList section */
		881BB0F72AC2D571003B5276 /* Build configuration list for PBXProject "First" */ = {
			isa = XCConfigurationList;
			buildConfigurations = (
				881BB11E2AC2D582003B5276 /* Debug */,
				881BB11F2AC2D582003B5276 /* Release */,
			);
			defaultConfigurationIsVisible = 0;
			defaultConfigurationName = Release;
		};
		881BB1202AC2D582003B5276 /* Build configuration list for PBXNativeTarget "First" */ = {
			isa = XCConfigurationList;
			buildConfigurations = (
				881BB1212AC2D582003B5276 /* Debug */,
				881BB1222AC2D582003B5276 /* Release */,
			);
			defaultConfigurationIsVisible = 0;
			defaultConfigurationName = Release;
		};
		881BB1232AC2D582003B5276 /* Build configuration list for PBXNativeTarget "FirstTests" */ = {
			isa = XCConfigurationList;
			buildConfigurations = (
				881BB1242AC2D582003B5276 /* Debug */,
				881BB1252AC2D582003B5276 /* Release */,
			);
			defaultConfigurationIsVisible = 0;
			defaultConfigurationName = Release;
		};
		881BB1262AC2D582003B5276 /* Build configuration list for PBXNativeTarget "FirstUITests" */ = {
			isa = XCConfigurationList;
			buildConfigurations = (
				881BB1272AC2D582003B5276 /* Debug */,
				881BB1282AC2D582003B5276 /* Release */,
			);
			defaultConfigurationIsVisible = 0;
			defaultConfigurationName = Release;
		};
/* End XCConfigurationList section */
	};
	rootObject = 881BB0F42AC2D571003B5276 /* Project object */;
}
